
Microsoft Visual Studio Solution File, Format Version 12.00
# Visual Studio Version 17
VisualStudioVersion = 17.9.34723.18
MinimumVisualStudioVersion = 10.0.40219.1
Project("{888888A0-9F3D-457C-B088-3A5042F75D52}") = "BFSHomework", "BFSHomework\BFSHomework.pyproj", "{9E111B6A-52D4-452A-A4CD-3C2587A3C330}"
EndProject
Global
	GlobalSection(SolutionConfigurationPlatforms) = preSolution
		Debug|Any CPU = Debug|Any CPU
		Release|Any CPU = Release|Any CPU
	EndGlobalSection
	GlobalSection(ProjectConfigurationPlatforms) = postSolution
		{9E111B6A-52D4-452A-A4CD-3C2587A3C330}.Debug|Any CPU.ActiveCfg = Debug|Any CPU
		{9E111B6A-52D4-452A-A4CD-3C2587A3C330}.Release|Any CPU.ActiveCfg = Release|Any CPU
	EndGlobalSection
	GlobalSection(SolutionProperties) = preSolution
		HideSolutionNode = FALSE
	EndGlobalSection
	GlobalSection(ExtensibilityGlobals) = postSolution
		SolutionGuid = {6D9839AB-5D23-4895-92A5-E80D15968ECA}
	EndGlobalSection
EndGlobal
